PODS:
  - Alamofire (3.3.1)
  - EZLoadingActivity (0.8)
  - Firebase (2.5.1)
  - MBProgressHUD (0.9.2)
  - SCLAlertView (0.5.5)

DEPENDENCIES:
  - Alamofire (~> 3.3)
  - EZLoadingActivity
  - Firebase (>= 2.3.3)
  - MBProgressHUD (~> 0.9.2)
  - SCLAlertView

SPEC CHECKSUMS:
  Alamofire: 369bc67b6f5ac33ded3648d7bd21c5bfb91c2ecc
  EZLoadingActivity: 6fd75a05765a4085f4b6fef6f62edf9f144b3139
  Firebase: 3565ea88b830f28f2c77ecc524622bc71a20d085
  MBProgressHUD: 1569cf7ace17a8bac47aabfbb8580a49690386d1
  SCLAlertView: 393f6753ac73c2ede54e9a42cc220a48cc7ee3cf

PODFILE CHECKSUM: aca3ed0a6bb359ea2dd39d9811faf41aac7631a6

COCOAPODS: 1.0.0
