// !$*UTF8*$!
{
	archiveVersion = 1;
	classes = {
	};
	objectVersion = 46;
	objects = {

/* Begin PBXBuildFile section */
		6F0868031D3448FA009E0CC8 /* GlobalFunctions.swift in Sources */ = {isa = PBXBuildFile; fileRef = 6F0868021D3448FA009E0CC8 /* GlobalFunctions.swift */; };
		6F0868051D344907009E0CC8 /* GlobalProperties.swift in Sources */ = {isa = PBXBuildFile; fileRef = 6F0868041D344907009E0CC8 /* GlobalProperties.swift */; };
		6F0868071D344912009E0CC8 /* GlobalAlerts.swift in Sources */ = {isa = PBXBuildFile; fileRef = 6F0868061D344912009E0CC8 /* GlobalAlerts.swift */; };
		6F2000CF1D09623F00E199B5 /* CommentsVC.swift in Sources */ = {isa = PBXBuildFile; fileRef = 6F2000CE1D09623F00E199B5 /* CommentsVC.swift */; };
		6F2000D11D09711100E199B5 /* CommentCell.swift in Sources */ = {isa = PBXBuildFile; fileRef = 6F2000D01D09711100E199B5 /* CommentCell.swift */; };
		6F2000D31D099C0100E199B5 /* Comment.swift in Sources */ = {isa = PBXBuildFile; fileRef = 6F2000D21D099C0100E199B5 /* Comment.swift */; };
		6F5593D11D1C920B00B36D19 /* ResetPasswordVC.swift in Sources */ = {isa = PBXBuildFile; fileRef = 6F5593D01D1C920B00B36D19 /* ResetPasswordVC.swift */; };
		6F5593D31D1D1E4B00B36D19 /* SettingsVC.swift in Sources */ = {isa = PBXBuildFile; fileRef = 6F5593D21D1D1E4B00B36D19 /* SettingsVC.swift */; };
		6F5593D51D1D265E00B36D19 /* UserPostsVC.swift in Sources */ = {isa = PBXBuildFile; fileRef = 6F5593D41D1D265E00B36D19 /* UserPostsVC.swift */; };
		6F5593D71D1D448E00B36D19 /* UserPostCell.swift in Sources */ = {isa = PBXBuildFile; fileRef = 6F5593D61D1D448E00B36D19 /* UserPostCell.swift */; };
		6F8AAD661D01805400750F11 /* AppDelegate.swift in Sources */ = {isa = PBXBuildFile; fileRef = 6F8AAD651D01805400750F11 /* AppDelegate.swift */; };
		6F8AAD681D01805400750F11 /* ViewController.swift in Sources */ = {isa = PBXBuildFile; fileRef = 6F8AAD671D01805400750F11 /* ViewController.swift */; };
		6F8AAD701D01805400750F11 /* LaunchScreen.storyboard in Resources */ = {isa = PBXBuildFile; fileRef = 6F8AAD6E1D01805400750F11 /* LaunchScreen.storyboard */; };
		6F8AAD7B1D0180EC00750F11 /* DataService .swift in Sources */ = {isa = PBXBuildFile; fileRef = 6F8AAD7A1D0180EC00750F11 /* DataService .swift */; };
		6F8AAD801D0180FD00750F11 /* Bolts.framework in Frameworks */ = {isa = PBXBuildFile; fileRef = 6F8AAD7D1D0180FD00750F11 /* Bolts.framework */; };
		6F8AAD811D0180FD00750F11 /* FBSDKCoreKit.framework in Frameworks */ = {isa = PBXBuildFile; fileRef = 6F8AAD7E1D0180FD00750F11 /* FBSDKCoreKit.framework */; };
		6F8AAD821D0180FD00750F11 /* FBSDKLoginKit.framework in Frameworks */ = {isa = PBXBuildFile; fileRef = 6F8AAD7F1D0180FD00750F11 /* FBSDKLoginKit.framework */; };
		6F8AAD851D01810B00750F11 /* Constants.swift in Sources */ = {isa = PBXBuildFile; fileRef = 6F8AAD841D01810B00750F11 /* Constants.swift */; };
		6F8AAD951D01813200750F11 /* DarkTextField.swift in Sources */ = {isa = PBXBuildFile; fileRef = 6F8AAD921D01813200750F11 /* DarkTextField.swift */; };
		6F8AAD971D01817700750F11 /* Main.storyboard in Resources */ = {isa = PBXBuildFile; fileRef = 6F8AAD961D01817700750F11 /* Main.storyboard */; };
		6FA4D02D1D0463EB0002EB33 /* FeedVC.swift in Sources */ = {isa = PBXBuildFile; fileRef = 6FA4D02C1D0463EB0002EB33 /* FeedVC.swift */; };
		6FA4D02F1D0464770002EB33 /* PostCell.swift in Sources */ = {isa = PBXBuildFile; fileRef = 6FA4D02E1D0464770002EB33 /* PostCell.swift */; };
		6FA4D0341D06C9170002EB33 /* ProfileVC.swift in Sources */ = {isa = PBXBuildFile; fileRef = 6FA4D0331D06C9170002EB33 /* ProfileVC.swift */; };
		6FA4D0381D06D53D0002EB33 /* Post.swift in Sources */ = {isa = PBXBuildFile; fileRef = 6FA4D0371D06D53D0002EB33 /* Post.swift */; };
		6FAC0C2E1D192FAD003C290B /* UIScrollView+EmptyDataSet.m in Sources */ = {isa = PBXBuildFile; fileRef = 6FAC0C2D1D192FAD003C290B /* UIScrollView+EmptyDataSet.m */; };
		6FAC0C301D193C6E003C290B /* NetworkReachability.swift in Sources */ = {isa = PBXBuildFile; fileRef = 6FAC0C2F1D193C6E003C290B /* NetworkReachability.swift */; };
		6FB08D2D1D2FBE1C00104527 /* Assets 12-54-49-784.xcassets in Resources */ = {isa = PBXBuildFile; fileRef = 6FB08D2C1D2FBE1C00104527 /* Assets 12-54-49-784.xcassets */; };
		6FC6D68C1D3571FF0081E58C /* ChatVC.swift in Sources */ = {isa = PBXBuildFile; fileRef = 6FC6D68B1D3571FF0081E58C /* ChatVC.swift */; };
		6FD2B6641D2AC871002042DF /* UserAgreementVC.swift in Sources */ = {isa = PBXBuildFile; fileRef = 6FD2B6631D2AC871002042DF /* UserAgreementVC.swift */; };
		6FD61B2A1D22B234000327B3 /* ShowUserPostVC.swift in Sources */ = {isa = PBXBuildFile; fileRef = 6FD61B291D22B234000327B3 /* ShowUserPostVC.swift */; };
		6FD61B2C1D23B0E2000327B3 /* DateHandler.swift in Sources */ = {isa = PBXBuildFile; fileRef = 6FD61B2B1D23B0E2000327B3 /* DateHandler.swift */; };
		6FF6EF821D3157B500A5CD1C /* OtherUserProfileVC.swift in Sources */ = {isa = PBXBuildFile; fileRef = 6FF6EF811D3157B500A5CD1C /* OtherUserProfileVC.swift */; };
		AD6C5BEDB765BBB42208FA04 /* Pods_FabSocialNetwork.framework in Frameworks */ = {isa = PBXBuildFile; fileRef = C4D236CDA6655B13A297AC8A /* Pods_FabSocialNetwork.framework */; };
/* End PBXBuildFile section */

/* Begin PBXFileReference section */
		6F0868021D3448FA009E0CC8 /* GlobalFunctions.swift */ = {isa = PBXFileReference; fileEncoding = 4; lastKnownFileType = sourcecode.swift; path = GlobalFunctions.swift; sourceTree = "<group>"; };
		6F0868041D344907009E0CC8 /* GlobalProperties.swift */ = {isa = PBXFileReference; fileEncoding = 4; lastKnownFileType = sourcecode.swift; path = GlobalProperties.swift; sourceTree = "<group>"; };
		6F0868061D344912009E0CC8 /* GlobalAlerts.swift */ = {isa = PBXFileReference; fileEncoding = 4; lastKnownFileType = sourcecode.swift; path = GlobalAlerts.swift; sourceTree = "<group>"; };
		6F2000CE1D09623F00E199B5 /* CommentsVC.swift */ = {isa = PBXFileReference; fileEncoding = 4; lastKnownFileType = sourcecode.swift; path = CommentsVC.swift; sourceTree = "<group>"; };
		6F2000D01D09711100E199B5 /* CommentCell.swift */ = {isa = PBXFileReference; fileEncoding = 4; lastKnownFileType = sourcecode.swift; path = CommentCell.swift; sourceTree = "<group>"; };
		6F2000D21D099C0100E199B5 /* Comment.swift */ = {isa = PBXFileReference; fileEncoding = 4; lastKnownFileType = sourcecode.swift; path = Comment.swift; sourceTree = "<group>"; };
		6F5593D01D1C920B00B36D19 /* ResetPasswordVC.swift */ = {isa = PBXFileReference; fileEncoding = 4; lastKnownFileType = sourcecode.swift; path = ResetPasswordVC.swift; sourceTree = "<group>"; };
		6F5593D21D1D1E4B00B36D19 /* SettingsVC.swift */ = {isa = PBXFileReference; fileEncoding = 4; lastKnownFileType = sourcecode.swift; path = SettingsVC.swift; sourceTree = "<group>"; };
		6F5593D41D1D265E00B36D19 /* UserPostsVC.swift */ = {isa = PBXFileReference; fileEncoding = 4; lastKnownFileType = sourcecode.swift; path = UserPostsVC.swift; sourceTree = "<group>"; };
		6F5593D61D1D448E00B36D19 /* UserPostCell.swift */ = {isa = PBXFileReference; fileEncoding = 4; lastKnownFileType = sourcecode.swift; path = UserPostCell.swift; sourceTree = "<group>"; };
		6F8AAD621D01805400750F11 /* FabSocialNetwork.app */ = {isa = PBXFileReference; explicitFileType = wrapper.application; includeInIndex = 0; path = FabSocialNetwork.app; sourceTree = BUILT_PRODUCTS_DIR; };
		6F8AAD651D01805400750F11 /* AppDelegate.swift */ = {isa = PBXFileReference; lastKnownFileType = sourcecode.swift; path = AppDelegate.swift; sourceTree = "<group>"; };
		6F8AAD671D01805400750F11 /* ViewController.swift */ = {isa = PBXFileReference; lastKnownFileType = sourcecode.swift; path = ViewController.swift; sourceTree = "<group>"; };
		6F8AAD6F1D01805400750F11 /* Base */ = {isa = PBXFileReference; lastKnownFileType = file.storyboard; name = Base; path = Base.lproj/LaunchScreen.storyboard; sourceTree = "<group>"; };
		6F8AAD711D01805400750F11 /* Info.plist */ = {isa = PBXFileReference; lastKnownFileType = text.plist.xml; path = Info.plist; sourceTree = "<group>"; };
		6F8AAD7A1D0180EC00750F11 /* DataService .swift */ = {isa = PBXFileReference; fileEncoding = 4; lastKnownFileType = sourcecode.swift; path = "DataService .swift"; sourceTree = "<group>"; };
		6F8AAD7D1D0180FD00750F11 /* Bolts.framework */ = {isa = PBXFileReference; lastKnownFileType = wrapper.framework; path = Bolts.framework; sourceTree = "<group>"; };
		6F8AAD7E1D0180FD00750F11 /* FBSDKCoreKit.framework */ = {isa = PBXFileReference; lastKnownFileType = wrapper.framework; path = FBSDKCoreKit.framework; sourceTree = "<group>"; };
		6F8AAD7F1D0180FD00750F11 /* FBSDKLoginKit.framework */ = {isa = PBXFileReference; lastKnownFileType = wrapper.framework; path = FBSDKLoginKit.framework; sourceTree = "<group>"; };
		6F8AAD841D01810B00750F11 /* Constants.swift */ = {isa = PBXFileReference; fileEncoding = 4; lastKnownFileType = sourcecode.swift; path = Constants.swift; sourceTree = "<group>"; };
		6F8AAD921D01813200750F11 /* DarkTextField.swift */ = {isa = PBXFileReference; fileEncoding = 4; lastKnownFileType = sourcecode.swift; path = DarkTextField.swift; sourceTree = "<group>"; };
		6F8AAD961D01817700750F11 /* Main.storyboard */ = {isa = PBXFileReference; fileEncoding = 4; lastKnownFileType = file.storyboard; path = Main.storyboard; sourceTree = "<group>"; };
		6FA4D02C1D0463EB0002EB33 /* FeedVC.swift */ = {isa = PBXFileReference; fileEncoding = 4; lastKnownFileType = sourcecode.swift; path = FeedVC.swift; sourceTree = "<group>"; };
		6FA4D02E1D0464770002EB33 /* PostCell.swift */ = {isa = PBXFileReference; fileEncoding = 4; lastKnownFileType = sourcecode.swift; path = PostCell.swift; sourceTree = "<group>"; };
		6FA4D0331D06C9170002EB33 /* ProfileVC.swift */ = {isa = PBXFileReference; fileEncoding = 4; lastKnownFileType = sourcecode.swift; path = ProfileVC.swift; sourceTree = "<group>"; };
		6FA4D0371D06D53D0002EB33 /* Post.swift */ = {isa = PBXFileReference; fileEncoding = 4; lastKnownFileType = sourcecode.swift; path = Post.swift; sourceTree = "<group>"; };
		6FAC0C2B1D192FAC003C290B /* FabSocialNetwork-Bridging-Header.h */ = {isa = PBXFileReference; lastKnownFileType = sourcecode.c.h; path = "FabSocialNetwork-Bridging-Header.h"; sourceTree = "<group>"; };
		6FAC0C2C1D192FAD003C290B /* UIScrollView+EmptyDataSet.h */ = {isa = PBXFileReference; fileEncoding = 4; lastKnownFileType = sourcecode.c.h; path = "UIScrollView+EmptyDataSet.h"; sourceTree = "<group>"; };
		6FAC0C2D1D192FAD003C290B /* UIScrollView+EmptyDataSet.m */ = {isa = PBXFileReference; fileEncoding = 4; lastKnownFileType = sourcecode.c.objc; path = "UIScrollView+EmptyDataSet.m"; sourceTree = "<group>"; };
		6FAC0C2F1D193C6E003C290B /* NetworkReachability.swift */ = {isa = PBXFileReference; fileEncoding = 4; lastKnownFileType = sourcecode.swift; path = NetworkReachability.swift; sourceTree = "<group>"; };
		6FB08D2C1D2FBE1C00104527 /* Assets 12-54-49-784.xcassets */ = {isa = PBXFileReference; lastKnownFileType = folder.assetcatalog; path = "Assets 12-54-49-784.xcassets"; sourceTree = "<group>"; };
		6FC6D68B1D3571FF0081E58C /* ChatVC.swift */ = {isa = PBXFileReference; fileEncoding = 4; lastKnownFileType = sourcecode.swift; path = ChatVC.swift; sourceTree = "<group>"; };
		6FD2B6631D2AC871002042DF /* UserAgreementVC.swift */ = {isa = PBXFileReference; fileEncoding = 4; lastKnownFileType = sourcecode.swift; path = UserAgreementVC.swift; sourceTree = "<group>"; };
		6FD61B291D22B234000327B3 /* ShowUserPostVC.swift */ = {isa = PBXFileReference; fileEncoding = 4; lastKnownFileType = sourcecode.swift; path = ShowUserPostVC.swift; sourceTree = "<group>"; };
		6FD61B2B1D23B0E2000327B3 /* DateHandler.swift */ = {isa = PBXFileReference; fileEncoding = 4; lastKnownFileType = sourcecode.swift; path = DateHandler.swift; sourceTree = "<group>"; };
		6FF6EF811D3157B500A5CD1C /* OtherUserProfileVC.swift */ = {isa = PBXFileReference; fileEncoding = 4; lastKnownFileType = sourcecode.swift; path = OtherUserProfileVC.swift; sourceTree = "<group>"; };
		9B0D1A0FAE0662035EBEAC35 /* Pods-FabSocialNetwork.release.xcconfig */ = {isa = PBXFileReference; includeInIndex = 1; lastKnownFileType = text.xcconfig; name = "Pods-FabSocialNetwork.release.xcconfig"; path = "Pods/Target Support Files/Pods-FabSocialNetwork/Pods-FabSocialNetwork.release.xcconfig"; sourceTree = "<group>"; };
		A8D3034A336F3E4A5435B0A7 /* Pods-FabSocialNetwork.debug.xcconfig */ = {isa = PBXFileReference; includeInIndex = 1; lastKnownFileType = text.xcconfig; name = "Pods-FabSocialNetwork.debug.xcconfig"; path = "Pods/Target Support Files/Pods-FabSocialNetwork/Pods-FabSocialNetwork.debug.xcconfig"; sourceTree = "<group>"; };
		C4D236CDA6655B13A297AC8A /* Pods_FabSocialNetwork.framework */ = {isa = PBXFileReference; explicitFileType = wrapper.framework; includeInIndex = 0; path = Pods_FabSocialNetwork.framework; sourceTree = BUILT_PRODUCTS_DIR; };
/* End PBXFileReference section */

/* Begin PBXFrameworksBuildPhase section */
		6F8AAD5F1D01805400750F11 /* Frameworks */ = {
			isa = PBXFrameworksBuildPhase;
			buildActionMask = 2147483647;
			files = (
				6F8AAD801D0180FD00750F11 /* Bolts.framework in Frameworks */,
				6F8AAD811D0180FD00750F11 /* FBSDKCoreKit.framework in Frameworks */,
				6F8AAD821D0180FD00750F11 /* FBSDKLoginKit.framework in Frameworks */,
				AD6C5BEDB765BBB42208FA04 /* Pods_FabSocialNetwork.framework in Frameworks */,
			);
			runOnlyForDeploymentPostprocessing = 0;
		};
/* End PBXFrameworksBuildPhase section */

/* Begin PBXGroup section */
		6F8AAD591D01805400750F11 = {
			isa = PBXGroup;
			children = (
				6F8AAD641D01805400750F11 /* FabSocialNetwork */,
				6F8AAD631D01805400750F11 /* Products */,
				734F1535320015019AF4E4FF /* Pods */,
				8EEB3274B11EBE030F200F2C /* Frameworks */,
			);
			sourceTree = "<group>";
		};
		6F8AAD631D01805400750F11 /* Products */ = {
			isa = PBXGroup;
			children = (
				6F8AAD621D01805400750F11 /* FabSocialNetwork.app */,
			);
			name = Products;
			sourceTree = "<group>";
		};
		6F8AAD641D01805400750F11 /* FabSocialNetwork */ = {
			isa = PBXGroup;
			children = (
				6FA4D0301D04C4AA0002EB33 /* Model */,
				6F8AAD8F1D01812900750F11 /* View */,
				6F8AAD771D0180B300750F11 /* Services */,
				6F8AAD831D01810100750F11 /* Utilities */,
				6F8AAD7C1D0180F000750F11 /* Frameworks */,
				6FA4D02B1D0463CF0002EB33 /* Controller */,
				6F8AAD651D01805400750F11 /* AppDelegate.swift */,
				6FB08D2C1D2FBE1C00104527 /* Assets 12-54-49-784.xcassets */,
				6F8AAD961D01817700750F11 /* Main.storyboard */,
				6F8AAD6E1D01805400750F11 /* LaunchScreen.storyboard */,
				6F8AAD711D01805400750F11 /* Info.plist */,
			);
			path = FabSocialNetwork;
			sourceTree = "<group>";
		};
		6F8AAD771D0180B300750F11 /* Services */ = {
			isa = PBXGroup;
			children = (
				6F8AAD7A1D0180EC00750F11 /* DataService .swift */,
			);
			name = Services;
			sourceTree = "<group>";
		};
		6F8AAD7C1D0180F000750F11 /* Frameworks */ = {
			isa = PBXGroup;
			children = (
				6FAC0C2C1D192FAD003C290B /* UIScrollView+EmptyDataSet.h */,
				6FAC0C2D1D192FAD003C290B /* UIScrollView+EmptyDataSet.m */,
				6FAC0C2B1D192FAC003C290B /* FabSocialNetwork-Bridging-Header.h */,
				6F8AAD7D1D0180FD00750F11 /* Bolts.framework */,
				6F8AAD7E1D0180FD00750F11 /* FBSDKCoreKit.framework */,
				6F8AAD7F1D0180FD00750F11 /* FBSDKLoginKit.framework */,
			);
			name = Frameworks;
			sourceTree = "<group>";
		};
		6F8AAD831D01810100750F11 /* Utilities */ = {
			isa = PBXGroup;
			children = (
				6F8AAD841D01810B00750F11 /* Constants.swift */,
				6FAC0C2F1D193C6E003C290B /* NetworkReachability.swift */,
				6FD61B2B1D23B0E2000327B3 /* DateHandler.swift */,
				6F0868021D3448FA009E0CC8 /* GlobalFunctions.swift */,
				6F0868041D344907009E0CC8 /* GlobalProperties.swift */,
				6F0868061D344912009E0CC8 /* GlobalAlerts.swift */,
			);
			name = Utilities;
			sourceTree = "<group>";
		};
		6F8AAD8F1D01812900750F11 /* View */ = {
			isa = PBXGroup;
			children = (
				6F8AAD921D01813200750F11 /* DarkTextField.swift */,
				6FA4D02E1D0464770002EB33 /* PostCell.swift */,
				6F2000D01D09711100E199B5 /* CommentCell.swift */,
				6F5593D61D1D448E00B36D19 /* UserPostCell.swift */,
			);
			name = View;
			sourceTree = "<group>";
		};
		6FA4D02B1D0463CF0002EB33 /* Controller */ = {
			isa = PBXGroup;
			children = (
				6F8AAD671D01805400750F11 /* ViewController.swift */,
				6FA4D02C1D0463EB0002EB33 /* FeedVC.swift */,
				6FA4D0331D06C9170002EB33 /* ProfileVC.swift */,
				6F2000CE1D09623F00E199B5 /* CommentsVC.swift */,
				6F5593D01D1C920B00B36D19 /* ResetPasswordVC.swift */,
				6F5593D21D1D1E4B00B36D19 /* SettingsVC.swift */,
				6F5593D41D1D265E00B36D19 /* UserPostsVC.swift */,
				6FD61B291D22B234000327B3 /* ShowUserPostVC.swift */,
				6FD2B6631D2AC871002042DF /* UserAgreementVC.swift */,
				6FF6EF811D3157B500A5CD1C /* OtherUserProfileVC.swift */,
				6FC6D68B1D3571FF0081E58C /* ChatVC.swift */,
			);
			name = Controller;
			sourceTree = "<group>";
		};
		6FA4D0301D04C4AA0002EB33 /* Model */ = {
			isa = PBXGroup;
			children = (
				6FA4D0371D06D53D0002EB33 /* Post.swift */,
				6F2000D21D099C0100E199B5 /* Comment.swift */,
			);
			name = Model;
			sourceTree = "<group>";
		};
		734F1535320015019AF4E4FF /* Pods */ = {
			isa = PBXGroup;
			children = (
				A8D3034A336F3E4A5435B0A7 /* Pods-FabSocialNetwork.debug.xcconfig */,
				9B0D1A0FAE0662035EBEAC35 /* Pods-FabSocialNetwork.release.xcconfig */,
			);
			name = Pods;
			sourceTree = "<group>";
		};
		8EEB3274B11EBE030F200F2C /* Frameworks */ = {
			isa = PBXGroup;
			children = (
				C4D236CDA6655B13A297AC8A /* Pods_FabSocialNetwork.framework */,
			);
			name = Frameworks;
			sourceTree = "<group>";
		};
/* End PBXGroup section */

/* Begin PBXNativeTarget section */
		6F8AAD611D01805400750F11 /* FabSocialNetwork */ = {
			isa = PBXNativeTarget;
			buildConfigurationList = 6F8AAD741D01805400750F11 /* Build configuration list for PBXNativeTarget "FabSocialNetwork" */;
			buildPhases = (
				A91B1830BD4DFD5B6E265250 /* 📦 Check Pods Manifest.lock */,
				6F8AAD5E1D01805400750F11 /* Sources */,
				6F8AAD5F1D01805400750F11 /* Frameworks */,
				6F8AAD601D01805400750F11 /* Resources */,
				DDBCB1E77F018AA61DE032EC /* 📦 Embed Pods Frameworks */,
				B9CD4712BABC115FC1CF80C9 /* 📦 Copy Pods Resources */,
			);
			buildRules = (
			);
			dependencies = (
			);
			name = FabSocialNetwork;
			productName = FabSocialNetwork;
			productReference = 6F8AAD621D01805400750F11 /* FabSocialNetwork.app */;
			productType = "com.apple.product-type.application";
		};
/* End PBXNativeTarget section */

/* Begin PBXProject section */
		6F8AAD5A1D01805400750F11 /* Project object */ = {
			isa = PBXProject;
			attributes = {
				LastSwiftUpdateCheck = 0730;
				LastUpgradeCheck = 0730;
				ORGANIZATIONNAME = "Adam Thuvesen";
				TargetAttributes = {
					6F8AAD611D01805400750F11 = {
						CreatedOnToolsVersion = 7.3.1;
						DevelopmentTeam = QPUG98H89L;
						SystemCapabilities = {
							com.apple.Push = {
								enabled = 0;
							};
						};
					};
				};
			};
			buildConfigurationList = 6F8AAD5D1D01805400750F11 /* Build configuration list for PBXProject "FabSocialNetwork" */;
			compatibilityVersion = "Xcode 3.2";
			developmentRegion = English;
			hasScannedForEncodings = 0;
			knownRegions = (
				en,
				Base,
			);
			mainGroup = 6F8AAD591D01805400750F11;
			productRefGroup = 6F8AAD631D01805400750F11 /* Products */;
			projectDirPath = "";
			projectRoot = "";
			targets = (
				6F8AAD611D01805400750F11 /* FabSocialNetwork */,
			);
		};
/* End PBXProject section */

/* Begin PBXResourcesBuildPhase section */
		6F8AAD601D01805400750F11 /* Resources */ = {
			isa = PBXResourcesBuildPhase;
			buildActionMask = 2147483647;
			files = (
				6F8AAD701D01805400750F11 /* LaunchScreen.storyboard in Resources */,
				6F8AAD971D01817700750F11 /* Main.storyboard in Resources */,
				6FB08D2D1D2FBE1C00104527 /* Assets 12-54-49-784.xcassets in Resources */,
			);
			runOnlyForDeploymentPostprocessing = 0;
		};
/* End PBXResourcesBuildPhase section */

/* Begin PBXShellScriptBuildPhase section */
		A91B1830BD4DFD5B6E265250 /* 📦 Check Pods Manifest.lock */ = {
			isa = PBXShellScriptBuildPhase;
			buildActionMask = 2147483647;
			files = (
			);
			inputPaths = (
			);
			name = "📦 Check Pods Manifest.lock";
			outputPaths = (
			);
			runOnlyForDeploymentPostprocessing = 0;
			shellPath = /bin/sh;
			shellScript = "diff \"${PODS_ROOT}/../Podfile.lock\" \"${PODS_ROOT}/Manifest.lock\" > /dev/null\nif [[ $? != 0 ]] ; then\n    cat << EOM\nerror: The sandbox is not in sync with the Podfile.lock. Run 'pod install' or update your CocoaPods installation.\nEOM\n    exit 1\nfi\n";
			showEnvVarsInLog = 0;
		};
		B9CD4712BABC115FC1CF80C9 /* 📦 Copy Pods Resources */ = {
			isa = PBXShellScriptBuildPhase;
			buildActionMask = 2147483647;
			files = (
			);
			inputPaths = (
			);
			name = "📦 Copy Pods Resources";
			outputPaths = (
			);
			runOnlyForDeploymentPostprocessing = 0;
			shellPath = /bin/sh;
			shellScript = "\"${SRCROOT}/Pods/Target Support Files/Pods-FabSocialNetwork/Pods-FabSocialNetwork-resources.sh\"\n";
			showEnvVarsInLog = 0;
		};
		DDBCB1E77F018AA61DE032EC /* 📦 Embed Pods Frameworks */ = {
			isa = PBXShellScriptBuildPhase;
			buildActionMask = 2147483647;
			files = (
			);
			inputPaths = (
			);
			name = "📦 Embed Pods Frameworks";
			outputPaths = (
			);
			runOnlyForDeploymentPostprocessing = 0;
			shellPath = /bin/sh;
			shellScript = "\"${SRCROOT}/Pods/Target Support Files/Pods-FabSocialNetwork/Pods-FabSocialNetwork-frameworks.sh\"\n";
			showEnvVarsInLog = 0;
		};
/* End PBXShellScriptBuildPhase section */

/* Begin PBXSourcesBuildPhase section */
		6F8AAD5E1D01805400750F11 /* Sources */ = {
			isa = PBXSourcesBuildPhase;
			buildActionMask = 2147483647;
			files = (
				6F2000D11D09711100E199B5 /* CommentCell.swift in Sources */,
				6F5593D11D1C920B00B36D19 /* ResetPasswordVC.swift in Sources */,
				6F0868031D3448FA009E0CC8 /* GlobalFunctions.swift in Sources */,
				6F0868051D344907009E0CC8 /* GlobalProperties.swift in Sources */,
				6F8AAD681D01805400750F11 /* ViewController.swift in Sources */,
				6F8AAD661D01805400750F11 /* AppDelegate.swift in Sources */,
				6FAC0C301D193C6E003C290B /* NetworkReachability.swift in Sources */,
				6F2000D31D099C0100E199B5 /* Comment.swift in Sources */,
				6F0868071D344912009E0CC8 /* GlobalAlerts.swift in Sources */,
				6F2000CF1D09623F00E199B5 /* CommentsVC.swift in Sources */,
				6FD61B2A1D22B234000327B3 /* ShowUserPostVC.swift in Sources */,
				6F5593D31D1D1E4B00B36D19 /* SettingsVC.swift in Sources */,
				6F5593D71D1D448E00B36D19 /* UserPostCell.swift in Sources */,
				6FA4D0381D06D53D0002EB33 /* Post.swift in Sources */,
				6F5593D51D1D265E00B36D19 /* UserPostsVC.swift in Sources */,
				6FA4D02D1D0463EB0002EB33 /* FeedVC.swift in Sources */,
				6FA4D02F1D0464770002EB33 /* PostCell.swift in Sources */,
				6FD61B2C1D23B0E2000327B3 /* DateHandler.swift in Sources */,
				6F8AAD7B1D0180EC00750F11 /* DataService .swift in Sources */,
				6FAC0C2E1D192FAD003C290B /* UIScrollView+EmptyDataSet.m in Sources */,
				6F8AAD851D01810B00750F11 /* Constants.swift in Sources */,
				6F8AAD951D01813200750F11 /* DarkTextField.swift in Sources */,
				6FF6EF821D3157B500A5CD1C /* OtherUserProfileVC.swift in Sources */,
				6FD2B6641D2AC871002042DF /* UserAgreementVC.swift in Sources */,
				6FC6D68C1D3571FF0081E58C /* ChatVC.swift in Sources */,
				6FA4D0341D06C9170002EB33 /* ProfileVC.swift in Sources */,
			);
			runOnlyForDeploymentPostprocessing = 0;
		};
/* End PBXSourcesBuildPhase section */

/* Begin PBXVariantGroup section */
		6F8AAD6E1D01805400750F11 /* LaunchScreen.storyboard */ = {
			isa = PBXVariantGroup;
			children = (
				6F8AAD6F1D01805400750F11 /* Base */,
			);
			name = LaunchScreen.storyboard;
			sourceTree = "<group>";
		};
/* End PBXVariantGroup section */

/* Begin XCBuildConfiguration section */
		6F8AAD721D01805400750F11 /* Debug */ = {
			isa = XCBuildConfiguration;
			buildSettings = {
				ALWAYS_SEARCH_USER_PATHS = NO;
				CLANG_ANALYZER_NONNULL = YES;
				CLANG_CXX_LANGUAGE_STANDARD = "gnu++0x";
				CLANG_CXX_LIBRARY = "libc++";
				CLANG_ENABLE_MODULES = YES;
				CLANG_ENABLE_OBJC_ARC = YES;
				CLANG_WARN_BOOL_CONVERSION = YES;
				CLANG_WARN_CONSTANT_CONVERSION = YES;
				CLANG_WARN_DIRECT_OBJC_ISA_USAGE = YES_ERROR;
				CLANG_WARN_EMPTY_BODY = YES;
				CLANG_WARN_ENUM_CONVERSION = YES;
				CLANG_WARN_INT_CONVERSION = YES;
				CLANG_WARN_OBJC_ROOT_CLASS = YES_ERROR;
				CLANG_WARN_UNREACHABLE_CODE = YES;
				CLANG_WARN__DUPLICATE_METHOD_MATCH = YES;
				CODE_SIGN_IDENTITY = "iPhone Distribution: Adam Thuvesen (QPUG98H89L)";
				"CODE_SIGN_IDENTITY[sdk=iphoneos*]" = "iPhone Developer";
				COPY_PHASE_STRIP = NO;
				DEBUG_INFORMATION_FORMAT = dwarf;
				ENABLE_STRICT_OBJC_MSGSEND = YES;
				ENABLE_TESTABILITY = YES;
				GCC_C_LANGUAGE_STANDARD = gnu99;
				GCC_DYNAMIC_NO_PIC = NO;
				GCC_NO_COMMON_BLOCKS = YES;
				GCC_OPTIMIZATION_LEVEL = 0;
				GCC_PREPROCESSOR_DEFINITIONS = (
					"DEBUG=1",
					"$(inherited)",
				);
				GCC_WARN_64_TO_32_BIT_CONVERSION = YES;
				GCC_WARN_ABOUT_RETURN_TYPE = YES_ERROR;
				GCC_WARN_UNDECLARED_SELECTOR = YES;
				GCC_WARN_UNINITIALIZED_AUTOS = YES_AGGRESSIVE;
				GCC_WARN_UNUSED_FUNCTION = YES;
				GCC_WARN_UNUSED_VARIABLE = YES;
				IPHONEOS_DEPLOYMENT_TARGET = 9.0;
				MTL_ENABLE_DEBUG_INFO = YES;
				ONLY_ACTIVE_ARCH = YES;
				PROVISIONING_PROFILE = "a1cfaba2-b948-4f77-b542-052a2cae5c54";
				SDKROOT = iphoneos;
				SWIFT_OPTIMIZATION_LEVEL = "-Onone";
			};
			name = Debug;
		};
		6F8AAD731D01805400750F11 /* Release */ = {
			isa = XCBuildConfiguration;
			buildSettings = {
				ALWAYS_SEARCH_USER_PATHS = NO;
				CLANG_ANALYZER_NONNULL = YES;
				CLANG_CXX_LANGUAGE_STANDARD = "gnu++0x";
				CLANG_CXX_LIBRARY = "libc++";
				CLANG_ENABLE_MODULES = YES;
				CLANG_ENABLE_OBJC_ARC = YES;
				CLANG_WARN_BOOL_CONVERSION = YES;
				CLANG_WARN_CONSTANT_CONVERSION = YES;
				CLANG_WARN_DIRECT_OBJC_ISA_USAGE = YES_ERROR;
				CLANG_WARN_EMPTY_BODY = YES;
				CLANG_WARN_ENUM_CONVERSION = YES;
				CLANG_WARN_INT_CONVERSION = YES;
				CLANG_WARN_OBJC_ROOT_CLASS = YES_ERROR;
				CLANG_WARN_UNREACHABLE_CODE = YES;
				CLANG_WARN__DUPLICATE_METHOD_MATCH = YES;
				CODE_SIGN_IDENTITY = "iPhone Distribution: Adam Thuvesen (QPUG98H89L)";
				"CODE_SIGN_IDENTITY[sdk=iphoneos*]" = "iPhone Developer";
				COPY_PHASE_STRIP = NO;
				DEBUG_INFORMATION_FORMAT = "dwarf-with-dsym";
				ENABLE_NS_ASSERTIONS = NO;
				ENABLE_STRICT_OBJC_MSGSEND = YES;
				GCC_C_LANGUAGE_STANDARD = gnu99;
				GCC_NO_COMMON_BLOCKS = YES;
				GCC_WARN_64_TO_32_BIT_CONVERSION = YES;
				GCC_WARN_ABOUT_RETURN_TYPE = YES_ERROR;
				GCC_WARN_UNDECLARED_SELECTOR = YES;
				GCC_WARN_UNINITIALIZED_AUTOS = YES_AGGRESSIVE;
				GCC_WARN_UNUSED_FUNCTION = YES;
				GCC_WARN_UNUSED_VARIABLE = YES;
				IPHONEOS_DEPLOYMENT_TARGET = 9.0;
				MTL_ENABLE_DEBUG_INFO = NO;
				PROVISIONING_PROFILE = "a1cfaba2-b948-4f77-b542-052a2cae5c54";
				SDKROOT = iphoneos;
				VALIDATE_PRODUCT = YES;
			};
			name = Release;
		};
		6F8AAD751D01805400750F11 /* Debug */ = {
			isa = XCBuildConfiguration;
			baseConfigurationReference = A8D3034A336F3E4A5435B0A7 /* Pods-FabSocialNetwork.debug.xcconfig */;
			buildSettings = {
				ALWAYS_SEARCH_USER_PATHS = YES;
				ASSETCATALOG_COMPILER_APPICON_NAME = AppIcon;
				CLANG_ENABLE_MODULES = YES;
				CODE_SIGN_IDENTITY = "iPhone Distribution: Adam Thuvesen (QPUG98H89L)";
				ENABLE_BITCODE = NO;
				FRAMEWORK_SEARCH_PATHS = (
					"$(inherited)",
					"$(PROJECT_DIR)/FabSocialNetwork",
				);
				INFOPLIST_FILE = FabSocialNetwork/Info.plist;
				IPHONEOS_DEPLOYMENT_TARGET = 9.0;
				LD_RUNPATH_SEARCH_PATHS = "$(inherited) @executable_path/Frameworks";
				PRODUCT_BUNDLE_IDENTIFIER = com.spiking.FabSocialNetwork;
				PRODUCT_NAME = "$(TARGET_NAME)";
				PROVISIONING_PROFILE = "a1cfaba2-b948-4f77-b542-052a2cae5c54";
				SWIFT_OBJC_BRIDGING_HEADER = "FabSocialNetwork/FabSocialNetwork-Bridging-Header.h";
				SWIFT_OPTIMIZATION_LEVEL = "-Onone";
			};
			name = Debug;
		};
		6F8AAD761D01805400750F11 /* Release */ = {
			isa = XCBuildConfiguration;
			baseConfigurationReference = 9B0D1A0FAE0662035EBEAC35 /* Pods-FabSocialNetwork.release.xcconfig */;
			buildSettings = {
				ALWAYS_SEARCH_USER_PATHS = YES;
				ASSETCATALOG_COMPILER_APPICON_NAME = AppIcon;
				CLANG_ENABLE_MODULES = YES;
				CODE_SIGN_IDENTITY = "iPhone Distribution: Adam Thuvesen (QPUG98H89L)";
				ENABLE_BITCODE = NO;
				FRAMEWORK_SEARCH_PATHS = (
					"$(inherited)",
					"$(PROJECT_DIR)/FabSocialNetwork",
				);
				INFOPLIST_FILE = FabSocialNetwork/Info.plist;
				IPHONEOS_DEPLOYMENT_TARGET = 9.0;
				LD_RUNPATH_SEARCH_PATHS = "$(inherited) @executable_path/Frameworks";
				PRODUCT_BUNDLE_IDENTIFIER = com.spiking.FabSocialNetwork;
				PRODUCT_NAME = "$(TARGET_NAME)";
				PROVISIONING_PROFILE = "a1cfaba2-b948-4f77-b542-052a2cae5c54";
				SWIFT_OBJC_BRIDGING_HEADER = "FabSocialNetwork/FabSocialNetwork-Bridging-Header.h";
			};
			name = Release;
		};
/* End XCBuildConfiguration section */

/* Begin XCConfigurationList section */
		6F8AAD5D1D01805400750F11 /* Build configuration list for PBXProject "FabSocialNetwork" */ = {
			isa = XCConfigurationList;
			buildConfigurations = (
				6F8AAD721D01805400750F11 /* Debug */,
				6F8AAD731D01805400750F11 /* Release */,
			);
			defaultConfigurationIsVisible = 0;
			defaultConfigurationName = Release;
		};
		6F8AAD741D01805400750F11 /* Build configuration list for PBXNativeTarget "FabSocialNetwork" */ = {
			isa = XCConfigurationList;
			buildConfigurations = (
				6F8AAD751D01805400750F11 /* Debug */,
				6F8AAD761D01805400750F11 /* Release */,
			);
			defaultConfigurationIsVisible = 0;
			defaultConfigurationName = Release;
		};
/* End XCConfigurationList section */
	};
	rootObject = 6F8AAD5A1D01805400750F11 /* Project object */;
}
